
Microsoft Visual Studio Solution File, Format Version 12.00
# Visual Studio 14
VisualStudioVersion = 14.0.25123.0
MinimumVisualStudioVersion = 10.0.40219.1
Project("{8BC9CEB8-8B4A-11D0-8D11-00A0C91BC942}") = "Direct3DWrapper", "Direct3DWrapper\Direct3DWrapper.vcxproj", "{86759808-CD0A-4C42-9925-A67A1429E4A3}"
EndProject
Project("{8BC9CEB8-8B4A-11D0-8D11-00A0C91BC942}") = "TwilightImperium", "TwilightImperium\TwilightImperium.vcxproj", "{E2DD268A-90A0-4EBA-99E4-1CBE7436E382}"
	ProjectSection(ProjectDependencies) = postProject
		{86759808-CD0A-4C42-9925-A67A1429E4A3} = {86759808-CD0A-4C42-9925-A67A1429E4A3}
	EndProjectSection
EndProject
Global
	GlobalSection(SolutionConfigurationPlatforms) = preSolution
		Debug|x64 = Debug|x64
		Debug|x86 = Debug|x86
		Release|x64 = Release|x64
		Release|x86 = Release|x86
	EndGlobalSection
	GlobalSection(ProjectConfigurationPlatforms) = postSolution
		{86759808-CD0A-4C42-9925-A67A1429E4A3}.Debug|x64.ActiveCfg = Debug|x64
		{86759808-CD0A-4C42-9925-A67A1429E4A3}.Debug|x64.Build.0 = Debug|x64
		{86759808-CD0A-4C42-9925-A67A1429E4A3}.Debug|x86.ActiveCfg = Debug|Win32
		{86759808-CD0A-4C42-9925-A67A1429E4A3}.Debug|x86.Build.0 = Debug|Win32
		{86759808-CD0A-4C42-9925-A67A1429E4A3}.Release|x64.ActiveCfg = Release|x64
		{86759808-CD0A-4C42-9925-A67A1429E4A3}.Release|x64.Build.0 = Release|x64
		{86759808-CD0A-4C42-9925-A67A1429E4A3}.Release|x86.ActiveCfg = Release|Win32
		{86759808-CD0A-4C42-9925-A67A1429E4A3}.Release|x86.Build.0 = Release|Win32
		{E2DD268A-90A0-4EBA-99E4-1CBE7436E382}.Debug|x64.ActiveCfg = Debug|x64
		{E2DD268A-90A0-4EBA-99E4-1CBE7436E382}.Debug|x64.Build.0 = Debug|x64
		{E2DD268A-90A0-4EBA-99E4-1CBE7436E382}.Debug|x86.ActiveCfg = Debug|Win32
		{E2DD268A-90A0-4EBA-99E4-1CBE7436E382}.Debug|x86.Build.0 = Debug|Win32
		{E2DD268A-90A0-4EBA-99E4-1CBE7436E382}.Release|x64.ActiveCfg = Release|x64
		{E2DD268A-90A0-4EBA-99E4-1CBE7436E382}.Release|x64.Build.0 = Release|x64
		{E2DD268A-90A0-4EBA-99E4-1CBE7436E382}.Release|x86.ActiveCfg = Release|Win32
		{E2DD268A-90A0-4EBA-99E4-1CBE7436E382}.Release|x86.Build.0 = Release|Win32
	EndGlobalSection
	GlobalSection(SolutionProperties) = preSolution
		HideSolutionNode = FALSE
	EndGlobalSection
EndGlobal
