<?xml version="1.0" encoding="utf-8"?>
<Project ToolsVersion="4.0" xmlns="http://schemas.microsoft.com/developer/msbuild/2003">
  <ItemGroup>
    <Filter Include="Header Files">
      <UniqueIdentifier>{56340cf0-b6d8-4d65-b729-7f8d65b92d11}</UniqueIdentifier>
    </Filter>
    <Filter Include="Source Files">
      <UniqueIdentifier>{8928a168-cc70-4b41-904d-a51997999cad}</UniqueIdentifier>
    </Filter>
    <Filter Include="Header Files\Map">
      <UniqueIdentifier>{834682f1-0abb-4ecd-a17e-646b2c70180c}</UniqueIdentifier>
    </Filter>
    <Filter Include="Source Files\Map">
      <UniqueIdentifier>{cdfa4d62-3293-45fd-aa4b-14deb259d5ff}</UniqueIdentifier>
    </Filter>
    <Filter Include="Header Files\GameBoard">
      <UniqueIdentifier>{03118ee6-29de-44de-9742-d38fc4187a27}</UniqueIdentifier>
    </Filter>
    <Filter Include="Source Files\GameBoard">
      <UniqueIdentifier>{7e3c6111-163c-4cc0-b0da-7a2323a0b9d6}</UniqueIdentifier>
    </Filter>
  </ItemGroup>
  <ItemGroup>
    <ClCompile Include="Game.cpp">
      <Filter>Source Files</Filter>
    </ClCompile>
    <ClCompile Include="Player.cpp">
      <Filter>Source Files</Filter>
    </ClCompile>
    <ClCompile Include="ActionCard.cpp">
      <Filter>Source Files</Filter>
    </ClCompile>
    <ClCompile Include="HumanPlayer.cpp">
      <Filter>Source Files</Filter>
    </ClCompile>
    <ClCompile Include="AIPlayer.cpp">
      <Filter>Source Files</Filter>
    </ClCompile>
    <ClCompile Include="IO.cpp">
      <Filter>Source Files</Filter>
    </ClCompile>
    <ClCompile Include="Main.cpp">
      <Filter>Source Files</Filter>
    </ClCompile>
    <ClCompile Include="UtilityClasses.cpp">
      <Filter>Source Files</Filter>
    </ClCompile>
    <ClCompile Include="Race.cpp">
      <Filter>Source Files</Filter>
    </ClCompile>
    <ClCompile Include="MapTile.cpp">
      <Filter>Source Files\Map</Filter>
    </ClCompile>
    <ClCompile Include="Planet.cpp">
      <Filter>Source Files\Map</Filter>
    </ClCompile>
    <ClCompile Include="GameMap.cpp">
      <Filter>Source Files\Map</Filter>
    </ClCompile>
    <ClCompile Include="UnitStack.cpp">
      <Filter>Source Files</Filter>
    </ClCompile>
    <ClCompile Include="GameBoard.cpp">
      <Filter>Source Files\GameBoard</Filter>
    </ClCompile>
    <ClCompile Include="GameBoardObject.cpp">
      <Filter>Source Files\GameBoard</Filter>
    </ClCompile>
    <ClCompile Include="PassButton.cpp">
      <Filter>Source Files\GameBoard</Filter>
    </ClCompile>
    <ClCompile Include="CommandCounter.cpp">
      <Filter>Source Files\GameBoard</Filter>
    </ClCompile>
  </ItemGroup>
  <ItemGroup>
    <ClInclude Include="Game.h">
      <Filter>Header Files</Filter>
    </ClInclude>
    <ClInclude Include="Player.h">
      <Filter>Header Files</Filter>
    </ClInclude>
    <ClInclude Include="ActionCard.h">
      <Filter>Header Files</Filter>
    </ClInclude>
    <ClInclude Include="HumanPlayer.h">
      <Filter>Header Files</Filter>
    </ClInclude>
    <ClInclude Include="AIPlayer.h">
      <Filter>Header Files</Filter>
    </ClInclude>
    <ClInclude Include="IO.h">
      <Filter>Header Files</Filter>
    </ClInclude>
    <ClInclude Include="UtilityClasses.h">
      <Filter>Header Files</Filter>
    </ClInclude>
    <ClInclude Include="Race.h">
      <Filter>Header Files</Filter>
    </ClInclude>
    <ClInclude Include="MapTile.h">
      <Filter>Header Files\Map</Filter>
    </ClInclude>
    <ClInclude Include="GameMap.h">
      <Filter>Header Files\Map</Filter>
    </ClInclude>
    <ClInclude Include="Planet.h">
      <Filter>Header Files\Map</Filter>
    </ClInclude>
    <ClInclude Include="UnitStack.h">
      <Filter>Header Files</Filter>
    </ClInclude>
    <ClInclude Include="GameBoard.h">
      <Filter>Header Files\GameBoard</Filter>
    </ClInclude>
    <ClInclude Include="GameBoardObject.h">
      <Filter>Header Files\GameBoard</Filter>
    </ClInclude>
    <ClInclude Include="PassButton.h">
      <Filter>Header Files\GameBoard</Filter>
    </ClInclude>
    <ClInclude Include="CommandCounter.h">
      <Filter>Header Files\GameBoard</Filter>
    </ClInclude>
  </ItemGroup>
</Project>